
Microsoft Visual Studio Solution File, Format Version 12.00
Project("{FAE04EC0-301F-11D3-BF4B-00C04F79EFBC}") = "IListExtension", "IListExtension\IListExtension.csproj", "{3BCFD051-48FC-4F5B-901B-E0795C707B24}"
EndProject
Global
	GlobalSection(SolutionConfigurationPlatforms) = preSolution
		Debug|Any CPU = Debug|Any CPU
		Release|Any CPU = Release|Any CPU
	EndGlobalSection
	GlobalSection(ProjectConfigurationPlatforms) = postSolution
		{3BCFD051-48FC-4F5B-901B-E0795C707B24}.Debug|Any CPU.ActiveCfg = Debug|Any CPU
		{3BCFD051-48FC-4F5B-901B-E0795C707B24}.Debug|Any CPU.Build.0 = Debug|Any CPU
		{3BCFD051-48FC-4F5B-901B-E0795C707B24}.Release|Any CPU.ActiveCfg = Release|Any CPU
		{3BCFD051-48FC-4F5B-901B-E0795C707B24}.Release|Any CPU.Build.0 = Release|Any CPU
	EndGlobalSection
EndGlobal
